// !$*UTF8*$!
{
	archiveVersion = 1;
	classes = {
	};
	objectVersion = 46;
	objects = {

/* Begin PBXBuildFile section */
		6C12AD7D1897690100B275F7 /* VPPatch.m in Sources */ = {isa = PBXBuildFile; fileRef = 6C12AD7C1897690100B275F7 /* VPPatch.m */; };
		6C12AD8418976A2000B275F7 /* VPPatchViewController.m in Sources */ = {isa = PBXBuildFile; fileRef = 6C12AD8318976A2000B275F7 /* VPPatchViewController.m */; };
		6C8E5BED1897625000084FA6 /* UIKit.framework in Frameworks */ = {isa = PBXBuildFile; fileRef = 6C8E5BEC1897625000084FA6 /* UIKit.framework */; };
		6C8E5BEF1897625000084FA6 /* Foundation.framework in Frameworks */ = {isa = PBXBuildFile; fileRef = 6C8E5BEE1897625000084FA6 /* Foundation.framework */; };
		6C8E5BF11897625000084FA6 /* CoreGraphics.framework in Frameworks */ = {isa = PBXBuildFile; fileRef = 6C8E5BF01897625000084FA6 /* CoreGraphics.framework */; };
		6C8E5BF71897625000084FA6 /* InfoPlist.strings in Resources */ = {isa = PBXBuildFile; fileRef = 6C8E5BF51897625000084FA6 /* InfoPlist.strings */; };
		6C8E5BF91897625000084FA6 /* main.m in Sources */ = {isa = PBXBuildFile; fileRef = 6C8E5BF81897625000084FA6 /* main.m */; };
		6C8E5BFD1897625000084FA6 /* VPAppDelegate.m in Sources */ = {isa = PBXBuildFile; fileRef = 6C8E5BFC1897625000084FA6 /* VPAppDelegate.m */; };
		6C8E5C05189762F900084FA6 /* VPPatchesTableViewController.m in Sources */ = {isa = PBXBuildFile; fileRef = 6C8E5C04189762F900084FA6 /* VPPatchesTableViewController.m */; };
/* End PBXBuildFile section */

/* Begin PBXFileReference section */
		6C12AD7B1897690100B275F7 /* VPPatch.h */ = {isa = PBXFileReference; fileEncoding = 4; lastKnownFileType = sourcecode.c.h; path = VPPatch.h; sourceTree = "<group>"; };
		6C12AD7C1897690100B275F7 /* VPPatch.m */ = {isa = PBXFileReference; fileEncoding = 4; lastKnownFileType = sourcecode.c.objc; path = VPPatch.m; sourceTree = "<group>"; };
		6C12AD8218976A2000B275F7 /* VPPatchViewController.h */ = {isa = PBXFileReference; fileEncoding = 4; lastKnownFileType = sourcecode.c.h; path = VPPatchViewController.h; sourceTree = SOURCE_ROOT; };
		6C12AD8318976A2000B275F7 /* VPPatchViewController.m */ = {isa = PBXFileReference; fileEncoding = 4; lastKnownFileType = sourcecode.c.objc; path = VPPatchViewController.m; sourceTree = SOURCE_ROOT; };
		6C8E5BE81897625000084FA6 /* VitalPatch.app */ = {isa = PBXFileReference; explicitFileType = wrapper.application; includeInIndex = 0; path = VitalPatch.app; sourceTree = BUILT_PRODUCTS_DIR; };
		6C8E5BEC1897625000084FA6 /* UIKit.framework */ = {isa = PBXFileReference; lastKnownFileType = wrapper.framework; name = UIKit.framework; path = System/Library/Frameworks/UIKit.framework; sourceTree = SDKROOT; };
		6C8E5BEE1897625000084FA6 /* Foundation.framework */ = {isa = PBXFileReference; lastKnownFileType = wrapper.framework; name = Foundation.framework; path = System/Library/Frameworks/Foundation.framework; sourceTree = SDKROOT; };
		6C8E5BF01897625000084FA6 /* CoreGraphics.framework */ = {isa = PBXFileReference; lastKnownFileType = wrapper.framework; name = CoreGraphics.framework; path = System/Library/Frameworks/CoreGraphics.framework; sourceTree = SDKROOT; };
		6C8E5BF41897625000084FA6 /* VitalPatch-Info.plist */ = {isa = PBXFileReference; lastKnownFileType = text.plist.xml; path = "VitalPatch-Info.plist"; sourceTree = "<group>"; };
		6C8E5BF61897625000084FA6 /* en */ = {isa = PBXFileReference; lastKnownFileType = text.plist.strings; name = en; path = en.lproj/InfoPlist.strings; sourceTree = "<group>"; };
		6C8E5BF81897625000084FA6 /* main.m */ = {isa = PBXFileReference; lastKnownFileType = sourcecode.c.objc; path = main.m; sourceTree = "<group>"; };
		6C8E5BFA1897625000084FA6 /* VitalPatch-Prefix.pch */ = {isa = PBXFileReference; lastKnownFileType = sourcecode.c.h; path = "VitalPatch-Prefix.pch"; sourceTree = "<group>"; };
		6C8E5BFB1897625000084FA6 /* VPAppDelegate.h */ = {isa = PBXFileReference; lastKnownFileType = sourcecode.c.h; path = VPAppDelegate.h; sourceTree = "<group>"; };
		6C8E5BFC1897625000084FA6 /* VPAppDelegate.m */ = {isa = PBXFileReference; lastKnownFileType = sourcecode.c.objc; path = VPAppDelegate.m; sourceTree = "<group>"; };
		6C8E5C03189762F900084FA6 /* VPPatchesTableViewController.h */ = {isa = PBXFileReference; fileEncoding = 4; lastKnownFileType = sourcecode.c.h; path = VPPatchesTableViewController.h; sourceTree = "<group>"; };
		6C8E5C04189762F900084FA6 /* VPPatchesTableViewController.m */ = {isa = PBXFileReference; fileEncoding = 4; lastKnownFileType = sourcecode.c.objc; path = VPPatchesTableViewController.m; sourceTree = "<group>"; };
/* End PBXFileReference section */

/* Begin PBXFrameworksBuildPhase section */
		6C8E5BE51897625000084FA6 /* Frameworks */ = {
			isa = PBXFrameworksBuildPhase;
			buildActionMask = 2147483647;
			files = (
				6C8E5BED1897625000084FA6 /* UIKit.framework in Frameworks */,
				6C8E5BEF1897625000084FA6 /* Foundation.framework in Frameworks */,
				6C8E5BF11897625000084FA6 /* CoreGraphics.framework in Frameworks */,
			);
			runOnlyForDeploymentPostprocessing = 0;
		};
/* End PBXFrameworksBuildPhase section */

/* Begin PBXGroup section */
		6C8E5BDD1897624E00084FA6 = {
			isa = PBXGroup;
			children = (
				6C8E5BF21897625000084FA6 /* VitalPatch */,
				6C8E5BEB1897625000084FA6 /* Frameworks */,
				6C8E5BE91897625000084FA6 /* Products */,
			);
			sourceTree = "<group>";
		};
		6C8E5BE91897625000084FA6 /* Products */ = {
			isa = PBXGroup;
			children = (
				6C8E5BE81897625000084FA6 /* VitalPatch.app */,
			);
			name = Products;
			sourceTree = "<group>";
		};
		6C8E5BEB1897625000084FA6 /* Frameworks */ = {
			isa = PBXGroup;
			children = (
				6C8E5BEC1897625000084FA6 /* UIKit.framework */,
				6C8E5BEE1897625000084FA6 /* Foundation.framework */,
				6C8E5BF01897625000084FA6 /* CoreGraphics.framework */,
			);
			name = Frameworks;
			sourceTree = "<group>";
		};
		6C8E5BF21897625000084FA6 /* VitalPatch */ = {
			isa = PBXGroup;
			children = (
				6C8E5BFB1897625000084FA6 /* VPAppDelegate.h */,
				6C8E5BFC1897625000084FA6 /* VPAppDelegate.m */,
				6C8E5C03189762F900084FA6 /* VPPatchesTableViewController.h */,
				6C8E5C04189762F900084FA6 /* VPPatchesTableViewController.m */,
				6C12AD7B1897690100B275F7 /* VPPatch.h */,
				6C12AD7C1897690100B275F7 /* VPPatch.m */,
				6C12AD8218976A2000B275F7 /* VPPatchViewController.h */,
				6C12AD8318976A2000B275F7 /* VPPatchViewController.m */,
				6C8E5BF31897625000084FA6 /* Supporting Files */,
			);
			path = VitalPatch;
			sourceTree = "<group>";
		};
		6C8E5BF31897625000084FA6 /* Supporting Files */ = {
			isa = PBXGroup;
			children = (
				6C8E5BF41897625000084FA6 /* VitalPatch-Info.plist */,
				6C8E5BF51897625000084FA6 /* InfoPlist.strings */,
				6C8E5BF81897625000084FA6 /* main.m */,
				6C8E5BFA1897625000084FA6 /* VitalPatch-Prefix.pch */,
			);
			name = "Supporting Files";
			sourceTree = "<group>";
		};
/* End PBXGroup section */

/* Begin PBXNativeTarget section */
		6C8E5BE71897625000084FA6 /* VitalPatch */ = {
			isa = PBXNativeTarget;
			buildConfigurationList = 6C8E5C001897625000084FA6 /* Build configuration list for PBXNativeTarget "VitalPatch" */;
			buildPhases = (
				6C8E5BE41897625000084FA6 /* Sources */,
				6C8E5BE51897625000084FA6 /* Frameworks */,
				6C8E5BE61897625000084FA6 /* Resources */,
			);
			buildRules = (
			);
			dependencies = (
			);
			name = VitalPatch;
			productName = VitalPatch;
			productReference = 6C8E5BE81897625000084FA6 /* VitalPatch.app */;
			productType = "com.apple.product-type.application";
		};
/* End PBXNativeTarget section */

/* Begin PBXProject section */
		6C8E5BDF1897624E00084FA6 /* Project object */ = {
			isa = PBXProject;
			attributes = {
				LastUpgradeCheck = 0420;
				ORGANIZATIONNAME = "Northwestern University";
			};
			buildConfigurationList = 6C8E5BE21897624F00084FA6 /* Build configuration list for PBXProject "VitalPatch" */;
			compatibilityVersion = "Xcode 3.2";
			developmentRegion = English;
			hasScannedForEncodings = 0;
			knownRegions = (
				en,
			);
			mainGroup = 6C8E5BDD1897624E00084FA6;
			productRefGroup = 6C8E5BE91897625000084FA6 /* Products */;
			projectDirPath = "";
			projectRoot = "";
			targets = (
				6C8E5BE71897625000084FA6 /* VitalPatch */,
			);
		};
/* End PBXProject section */

/* Begin PBXResourcesBuildPhase section */
		6C8E5BE61897625000084FA6 /* Resources */ = {
			isa = PBXResourcesBuildPhase;
			buildActionMask = 2147483647;
			files = (
				6C8E5BF71897625000084FA6 /* InfoPlist.strings in Resources */,
			);
			runOnlyForDeploymentPostprocessing = 0;
		};
/* End PBXResourcesBuildPhase section */

/* Begin PBXSourcesBuildPhase section */
		6C8E5BE41897625000084FA6 /* Sources */ = {
			isa = PBXSourcesBuildPhase;
			buildActionMask = 2147483647;
			files = (
				6C8E5BF91897625000084FA6 /* main.m in Sources */,
				6C8E5BFD1897625000084FA6 /* VPAppDelegate.m in Sources */,
				6C8E5C05189762F900084FA6 /* VPPatchesTableViewController.m in Sources */,
				6C12AD7D1897690100B275F7 /* VPPatch.m in Sources */,
				6C12AD8418976A2000B275F7 /* VPPatchViewController.m in Sources */,
			);
			runOnlyForDeploymentPostprocessing = 0;
		};
/* End PBXSourcesBuildPhase section */

/* Begin PBXVariantGroup section */
		6C8E5BF51897625000084FA6 /* InfoPlist.strings */ = {
			isa = PBXVariantGroup;
			children = (
				6C8E5BF61897625000084FA6 /* en */,
			);
			name = InfoPlist.strings;
			sourceTree = "<group>";
		};
/* End PBXVariantGroup section */

/* Begin XCBuildConfiguration section */
		6C8E5BFE1897625000084FA6 /* Debug */ = {
			isa = XCBuildConfiguration;
			buildSettings = {
				ALWAYS_SEARCH_USER_PATHS = NO;
				ARCHS = "$(ARCHS_STANDARD_32_BIT)";
				CLANG_ENABLE_OBJC_ARC = YES;
				"CODE_SIGN_IDENTITY[sdk=iphoneos*]" = "iPhone Developer";
				COPY_PHASE_STRIP = NO;
				GCC_C_LANGUAGE_STANDARD = gnu99;
				GCC_DYNAMIC_NO_PIC = NO;
				GCC_OPTIMIZATION_LEVEL = 0;
				GCC_PREPROCESSOR_DEFINITIONS = (
					"DEBUG=1",
					"$(inherited)",
				);
				GCC_SYMBOLS_PRIVATE_EXTERN = NO;
				GCC_VERSION = com.apple.compilers.llvm.clang.1_0;
				GCC_WARN_ABOUT_MISSING_PROTOTYPES = YES;
				GCC_WARN_ABOUT_RETURN_TYPE = YES;
				GCC_WARN_UNUSED_VARIABLE = YES;
				IPHONEOS_DEPLOYMENT_TARGET = 5.0;
				SDKROOT = iphoneos;
			};
			name = Debug;
		};
		6C8E5BFF1897625000084FA6 /* Release */ = {
			isa = XCBuildConfiguration;
			buildSettings = {
				ALWAYS_SEARCH_USER_PATHS = NO;
				ARCHS = "$(ARCHS_STANDARD_32_BIT)";
				CLANG_ENABLE_OBJC_ARC = YES;
				"CODE_SIGN_IDENTITY[sdk=iphoneos*]" = "iPhone Developer";
				COPY_PHASE_STRIP = YES;
				GCC_C_LANGUAGE_STANDARD = gnu99;
				GCC_VERSION = com.apple.compilers.llvm.clang.1_0;
				GCC_WARN_ABOUT_MISSING_PROTOTYPES = YES;
				GCC_WARN_ABOUT_RETURN_TYPE = YES;
				GCC_WARN_UNUSED_VARIABLE = YES;
				IPHONEOS_DEPLOYMENT_TARGET = 5.0;
				OTHER_CFLAGS = "-DNS_BLOCK_ASSERTIONS=1";
				SDKROOT = iphoneos;
				VALIDATE_PRODUCT = YES;
			};
			name = Release;
		};
		6C8E5C011897625000084FA6 /* Debug */ = {
			isa = XCBuildConfiguration;
			buildSettings = {
				GCC_PRECOMPILE_PREFIX_HEADER = YES;
				GCC_PREFIX_HEADER = "VitalPatch/VitalPatch-Prefix.pch";
				INFOPLIST_FILE = "VitalPatch/VitalPatch-Info.plist";
				PRODUCT_NAME = "$(TARGET_NAME)";
				WRAPPER_EXTENSION = app;
			};
			name = Debug;
		};
		6C8E5C021897625000084FA6 /* Release */ = {
			isa = XCBuildConfiguration;
			buildSettings = {
				GCC_PRECOMPILE_PREFIX_HEADER = YES;
				GCC_PREFIX_HEADER = "VitalPatch/VitalPatch-Prefix.pch";
				INFOPLIST_FILE = "VitalPatch/VitalPatch-Info.plist";
				PRODUCT_NAME = "$(TARGET_NAME)";
				WRAPPER_EXTENSION = app;
			};
			name = Release;
		};
/* End XCBuildConfiguration section */

/* Begin XCConfigurationList section */
		6C8E5BE21897624F00084FA6 /* Build configuration list for PBXProject "VitalPatch" */ = {
			isa = XCConfigurationList;
			buildConfigurations = (
				6C8E5BFE1897625000084FA6 /* Debug */,
				6C8E5BFF1897625000084FA6 /* Release */,
			);
			defaultConfigurationIsVisible = 0;
			defaultConfigurationName = Release;
		};
		6C8E5C001897625000084FA6 /* Build configuration list for PBXNativeTarget "VitalPatch" */ = {
			isa = XCConfigurationList;
			buildConfigurations = (
				6C8E5C011897625000084FA6 /* Debug */,
				6C8E5C021897625000084FA6 /* Release */,
			);
			defaultConfigurationIsVisible = 0;
			defaultConfigurationName = Release;
		};
/* End XCConfigurationList section */
	};
	rootObject = 6C8E5BDF1897624E00084FA6 /* Project object */;
}
